
Microsoft Visual Studio Solution File, Format Version 12.00
# Visual Studio Version 17
VisualStudioVersion = 17.1.32228.430
MinimumVisualStudioVersion = 10.0.40219.1
Project("{FAE04EC0-301F-11D3-BF4B-00C04F79EFBC}") = "UnityEngine.TestRunner", "UnityEngine.TestRunner.csproj", "{B8435A4B-9897-4487-671E-F9DF77EC9D1B}"
EndProject
Project("{FAE04EC0-301F-11D3-BF4B-00C04F79EFBC}") = "Unity.Timeline", "Unity.Timeline.csproj", "{07AE1864-8020-73F7-BE49-D4E51C324C44}"
EndProject
Project("{FAE04EC0-301F-11D3-BF4B-00C04F79EFBC}") = "Unity.TextMeshPro", "Unity.TextMeshPro.csproj", "{90DA8BDF-0845-16CB-E5D3-D2294766DB7F}"
EndProject
Project("{FAE04EC0-301F-11D3-BF4B-00C04F79EFBC}") = "Assembly-CSharp", "Assembly-CSharp.csproj", "{0EEBF18E-272D-828E-0FE3-FE5D1E52DE1C}"
EndProject
Project("{FAE04EC0-301F-11D3-BF4B-00C04F79EFBC}") = "UnityEditor.TestRunner", "UnityEditor.TestRunner.csproj", "{341D6CCC-83C2-BA27-288E-C2063E8A2C17}"
EndProject
Project("{FAE04EC0-301F-11D3-BF4B-00C04F79EFBC}") = "Unity.PlasticSCM.Editor", "Unity.PlasticSCM.Editor.csproj", "{2528DEE3-9D0A-B446-6BCE-83177A14CEE1}"
EndProject
Project("{FAE04EC0-301F-11D3-BF4B-00C04F79EFBC}") = "Unity.Services.Core.Editor", "Unity.Services.Core.Editor.csproj", "{0DB40BB8-2E70-6223-A4C6-6715F3B967CC}"
EndProject
Project("{FAE04EC0-301F-11D3-BF4B-00C04F79EFBC}") = "Unity.Timeline.Editor", "Unity.Timeline.Editor.csproj", "{2360BF29-125F-5BF4-A3D5-D77504E3B7EE}"
EndProject
Project("{FAE04EC0-301F-11D3-BF4B-00C04F79EFBC}") = "Unity.VisualStudio.Editor", "Unity.VisualStudio.Editor.csproj", "{A4A0BCBC-65D7-C2A0-5447-99A07E59B2C2}"
EndProject
Project("{FAE04EC0-301F-11D3-BF4B-00C04F79EFBC}") = "Unity.TextMeshPro.Editor", "Unity.TextMeshPro.Editor.csproj", "{EAADEBC0-16BD-821E-8A3D-F9D13A1DCC0B}"
EndProject
Project("{FAE04EC0-301F-11D3-BF4B-00C04F79EFBC}") = "Unity.CollabProxy.Editor", "Unity.CollabProxy.Editor.csproj", "{19D1B775-9C9C-584C-A493-59535127684B}"
EndProject
Project("{FAE04EC0-301F-11D3-BF4B-00C04F79EFBC}") = "Unity.Rider.Editor", "Unity.Rider.Editor.csproj", "{5F1F7B15-19CD-8897-1115-DC752B8111EF}"
EndProject
Project("{FAE04EC0-301F-11D3-BF4B-00C04F79EFBC}") = "Unity.VSCode.Editor", "Unity.VSCode.Editor.csproj", "{1317D03B-0E7F-3287-2CBB-4034AE5415BF}"
EndProject
Project("{FAE04EC0-301F-11D3-BF4B-00C04F79EFBC}") = "Assembly-CSharp-Editor", "Assembly-CSharp-Editor.csproj", "{48E7C5BB-3AFD-BBFA-E81C-D39298411ED6}"
EndProject
Global
	GlobalSection(SolutionConfigurationPlatforms) = preSolution
		Debug|Any CPU = Debug|Any CPU
		Release|Any CPU = Release|Any CPU
	EndGlobalSection
	GlobalSection(ProjectConfigurationPlatforms) = postSolution
		{B8435A4B-9897-4487-671E-F9DF77EC9D1B}.Debug|Any CPU.ActiveCfg = Debug|Any CPU
		{B8435A4B-9897-4487-671E-F9DF77EC9D1B}.Debug|Any CPU.Build.0 = Debug|Any CPU
		{B8435A4B-9897-4487-671E-F9DF77EC9D1B}.Release|Any CPU.ActiveCfg = Release|Any CPU
		{B8435A4B-9897-4487-671E-F9DF77EC9D1B}.Release|Any CPU.Build.0 = Release|Any CPU
		{07AE1864-8020-73F7-BE49-D4E51C324C44}.Debug|Any CPU.ActiveCfg = Debug|Any CPU
		{07AE1864-8020-73F7-BE49-D4E51C324C44}.Debug|Any CPU.Build.0 = Debug|Any CPU
		{07AE1864-8020-73F7-BE49-D4E51C324C44}.Release|Any CPU.ActiveCfg = Release|Any CPU
		{07AE1864-8020-73F7-BE49-D4E51C324C44}.Release|Any CPU.Build.0 = Release|Any CPU
		{90DA8BDF-0845-16CB-E5D3-D2294766DB7F}.Debug|Any CPU.ActiveCfg = Debug|Any CPU
		{90DA8BDF-0845-16CB-E5D3-D2294766DB7F}.Debug|Any CPU.Build.0 = Debug|Any CPU
		{90DA8BDF-0845-16CB-E5D3-D2294766DB7F}.Release|Any CPU.ActiveCfg = Release|Any CPU
		{90DA8BDF-0845-16CB-E5D3-D2294766DB7F}.Release|Any CPU.Build.0 = Release|Any CPU
		{0EEBF18E-272D-828E-0FE3-FE5D1E52DE1C}.Debug|Any CPU.ActiveCfg = Debug|Any CPU
		{0EEBF18E-272D-828E-0FE3-FE5D1E52DE1C}.Debug|Any CPU.Build.0 = Debug|Any CPU
		{0EEBF18E-272D-828E-0FE3-FE5D1E52DE1C}.Release|Any CPU.ActiveCfg = Release|Any CPU
		{0EEBF18E-272D-828E-0FE3-FE5D1E52DE1C}.Release|Any CPU.Build.0 = Release|Any CPU
		{341D6CCC-83C2-BA27-288E-C2063E8A2C17}.Debug|Any CPU.ActiveCfg = Debug|Any CPU
		{341D6CCC-83C2-BA27-288E-C2063E8A2C17}.Debug|Any CPU.Build.0 = Debug|Any CPU
		{341D6CCC-83C2-BA27-288E-C2063E8A2C17}.Release|Any CPU.ActiveCfg = Release|Any CPU
		{341D6CCC-83C2-BA27-288E-C2063E8A2C17}.Release|Any CPU.Build.0 = Release|Any CPU
		{2528DEE3-9D0A-B446-6BCE-83177A14CEE1}.Debug|Any CPU.ActiveCfg = Debug|Any CPU
		{2528DEE3-9D0A-B446-6BCE-83177A14CEE1}.Debug|Any CPU.Build.0 = Debug|Any CPU
		{2528DEE3-9D0A-B446-6BCE-83177A14CEE1}.Release|Any CPU.ActiveCfg = Release|Any CPU
		{2528DEE3-9D0A-B446-6BCE-83177A14CEE1}.Release|Any CPU.Build.0 = Release|Any CPU
		{0DB40BB8-2E70-6223-A4C6-6715F3B967CC}.Debug|Any CPU.ActiveCfg = Debug|Any CPU
		{0DB40BB8-2E70-6223-A4C6-6715F3B967CC}.Debug|Any CPU.Build.0 = Debug|Any CPU
		{0DB40BB8-2E70-6223-A4C6-6715F3B967CC}.Release|Any CPU.ActiveCfg = Release|Any CPU
		{0DB40BB8-2E70-6223-A4C6-6715F3B967CC}.Release|Any CPU.Build.0 = Release|Any CPU
		{2360BF29-125F-5BF4-A3D5-D77504E3B7EE}.Debug|Any CPU.ActiveCfg = Debug|Any CPU
		{2360BF29-125F-5BF4-A3D5-D77504E3B7EE}.Debug|Any CPU.Build.0 = Debug|Any CPU
		{2360BF29-125F-5BF4-A3D5-D77504E3B7EE}.Release|Any CPU.ActiveCfg = Release|Any CPU
		{2360BF29-125F-5BF4-A3D5-D77504E3B7EE}.Release|Any CPU.Build.0 = Release|Any CPU
		{A4A0BCBC-65D7-C2A0-5447-99A07E59B2C2}.Debug|Any CPU.ActiveCfg = Debug|Any CPU
		{A4A0BCBC-65D7-C2A0-5447-99A07E59B2C2}.Debug|Any CPU.Build.0 = Debug|Any CPU
		{A4A0BCBC-65D7-C2A0-5447-99A07E59B2C2}.Release|Any CPU.ActiveCfg = Release|Any CPU
		{A4A0BCBC-65D7-C2A0-5447-99A07E59B2C2}.Release|Any CPU.Build.0 = Release|Any CPU
		{EAADEBC0-16BD-821E-8A3D-F9D13A1DCC0B}.Debug|Any CPU.ActiveCfg = Debug|Any CPU
		{EAADEBC0-16BD-821E-8A3D-F9D13A1DCC0B}.Debug|Any CPU.Build.0 = Debug|Any CPU
		{EAADEBC0-16BD-821E-8A3D-F9D13A1DCC0B}.Release|Any CPU.ActiveCfg = Release|Any CPU
		{EAADEBC0-16BD-821E-8A3D-F9D13A1DCC0B}.Release|Any CPU.Build.0 = Release|Any CPU
		{19D1B775-9C9C-584C-A493-59535127684B}.Debug|Any CPU.ActiveCfg = Debug|Any CPU
		{19D1B775-9C9C-584C-A493-59535127684B}.Debug|Any CPU.Build.0 = Debug|Any CPU
		{19D1B775-9C9C-584C-A493-59535127684B}.Release|Any CPU.ActiveCfg = Release|Any CPU
		{19D1B775-9C9C-584C-A493-59535127684B}.Release|Any CPU.Build.0 = Release|Any CPU
		{5F1F7B15-19CD-8897-1115-DC752B8111EF}.Debug|Any CPU.ActiveCfg = Debug|Any CPU
		{5F1F7B15-19CD-8897-1115-DC752B8111EF}.Debug|Any CPU.Build.0 = Debug|Any CPU
		{5F1F7B15-19CD-8897-1115-DC752B8111EF}.Release|Any CPU.ActiveCfg = Release|Any CPU
		{5F1F7B15-19CD-8897-1115-DC752B8111EF}.Release|Any CPU.Build.0 = Release|Any CPU
		{1317D03B-0E7F-3287-2CBB-4034AE5415BF}.Debug|Any CPU.ActiveCfg = Debug|Any CPU
		{1317D03B-0E7F-3287-2CBB-4034AE5415BF}.Debug|Any CPU.Build.0 = Debug|Any CPU
		{1317D03B-0E7F-3287-2CBB-4034AE5415BF}.Release|Any CPU.ActiveCfg = Release|Any CPU
		{1317D03B-0E7F-3287-2CBB-4034AE5415BF}.Release|Any CPU.Build.0 = Release|Any CPU
		{48E7C5BB-3AFD-BBFA-E81C-D39298411ED6}.Debug|Any CPU.ActiveCfg = Debug|Any CPU
		{48E7C5BB-3AFD-BBFA-E81C-D39298411ED6}.Debug|Any CPU.Build.0 = Debug|Any CPU
		{48E7C5BB-3AFD-BBFA-E81C-D39298411ED6}.Release|Any CPU.ActiveCfg = Release|Any CPU
		{48E7C5BB-3AFD-BBFA-E81C-D39298411ED6}.Release|Any CPU.Build.0 = Release|Any CPU
	EndGlobalSection
	GlobalSection(SolutionProperties) = preSolution
		HideSolutionNode = FALSE
	EndGlobalSection
	GlobalSection(ExtensibilityGlobals) = postSolution
		SolutionGuid = {FB17781F-2E2C-4DEB-B016-1DABFE5B9C0F}
	EndGlobalSection
EndGlobal
